// !$*UTF8*$!
{
	archiveVersion = 1;
	classes = {
	};
	objectVersion = 46;
	objects = {

/* Begin PBXBuildFile section */
		E80BD9801C57E12B005D7EAF /* AnimationController.swift in Sources */ = {isa = PBXBuildFile; fileRef = E80BD97F1C57E12B005D7EAF /* AnimationController.swift */; };
		E80BD9821C586D95005D7EAF /* WeatherView.xib in Resources */ = {isa = PBXBuildFile; fileRef = E80BD9811C586D95005D7EAF /* WeatherView.xib */; };
		E80BD98A1C587E53005D7EAF /* WeatherView.swift in Sources */ = {isa = PBXBuildFile; fileRef = E80BD9891C587E53005D7EAF /* WeatherView.swift */; };
		E80BD98D1C58859C005D7EAF /* WeatherTableCell.swift in Sources */ = {isa = PBXBuildFile; fileRef = E80BD98B1C58859C005D7EAF /* WeatherTableCell.swift */; };
		E80BD98E1C58859C005D7EAF /* WeatherTableCell.xib in Resources */ = {isa = PBXBuildFile; fileRef = E80BD98C1C58859C005D7EAF /* WeatherTableCell.xib */; };
		E8234FA21C5C271A000C91A9 /* CityNewsMain.swift in Sources */ = {isa = PBXBuildFile; fileRef = E8234FA11C5C2719000C91A9 /* CityNewsMain.swift */; };
		E8234FA41C5C272C000C91A9 /* CityNewsMain.xib in Resources */ = {isa = PBXBuildFile; fileRef = E8234FA31C5C272C000C91A9 /* CityNewsMain.xib */; };
		E8234FAA1C5C2F76000C91A9 /* TrafficTableCell.swift in Sources */ = {isa = PBXBuildFile; fileRef = E8234FA81C5C2F76000C91A9 /* TrafficTableCell.swift */; };
		E8234FAB1C5C2F76000C91A9 /* TrafficTableCell.xib in Resources */ = {isa = PBXBuildFile; fileRef = E8234FA91C5C2F76000C91A9 /* TrafficTableCell.xib */; };
		E8234FAD1C5C2F93000C91A9 /* TrafficMainView.swift in Sources */ = {isa = PBXBuildFile; fileRef = E8234FAC1C5C2F93000C91A9 /* TrafficMainView.swift */; };
		E8234FAF1C5C2FA0000C91A9 /* TrafficMainView.xib in Resources */ = {isa = PBXBuildFile; fileRef = E8234FAE1C5C2FA0000C91A9 /* TrafficMainView.xib */; };
		E8234FDB1C5F4974000C91A9 /* WeatherVC.swift in Sources */ = {isa = PBXBuildFile; fileRef = E8234FDA1C5F4974000C91A9 /* WeatherVC.swift */; };
		E8234FDD1C5FCA93000C91A9 /* TrafficVC.swift in Sources */ = {isa = PBXBuildFile; fileRef = E8234FDC1C5FCA93000C91A9 /* TrafficVC.swift */; };
		E8234FDF1C5FCA9F000C91A9 /* NewsVC.swift in Sources */ = {isa = PBXBuildFile; fileRef = E8234FDE1C5FCA9F000C91A9 /* NewsVC.swift */; };
		E836DC0E1C6D99790066A471 /* TrafficCallOut.xib in Resources */ = {isa = PBXBuildFile; fileRef = E836DC0D1C6D99790066A471 /* TrafficCallOut.xib */; };
		E836DC101C6D9AE30066A471 /* TrafficCallOut.swift in Sources */ = {isa = PBXBuildFile; fileRef = E836DC0F1C6D9AE30066A471 /* TrafficCallOut.swift */; };
		E836DC141C6DACBE0066A471 /* IncidentAnnotation.swift in Sources */ = {isa = PBXBuildFile; fileRef = E836DC131C6DACBE0066A471 /* IncidentAnnotation.swift */; };
		E836DC161C6DAE0A0066A471 /* IncidentAnnotationView.swift in Sources */ = {isa = PBXBuildFile; fileRef = E836DC151C6DAE0A0066A471 /* IncidentAnnotationView.swift */; };
		E84480D41C556C7D0035DCE6 /* CityNewsCell.xib in Resources */ = {isa = PBXBuildFile; fileRef = E84480D31C556C7D0035DCE6 /* CityNewsCell.xib */; };
		E84480D71C5570CE0035DCE6 /* CityNewsCell.swift in Sources */ = {isa = PBXBuildFile; fileRef = E84480D61C5570CE0035DCE6 /* CityNewsCell.swift */; };
		E87089231C4C2A6C0051D868 /* AppDelegate.swift in Sources */ = {isa = PBXBuildFile; fileRef = E87089221C4C2A6C0051D868 /* AppDelegate.swift */; };
		E87089281C4C2A6C0051D868 /* Main.storyboard in Resources */ = {isa = PBXBuildFile; fileRef = E87089261C4C2A6C0051D868 /* Main.storyboard */; };
		E870892A1C4C2A6C0051D868 /* Assets.xcassets in Resources */ = {isa = PBXBuildFile; fileRef = E87089291C4C2A6C0051D868 /* Assets.xcassets */; };
		E870892D1C4C2A6C0051D868 /* LaunchScreen.storyboard in Resources */ = {isa = PBXBuildFile; fileRef = E870892B1C4C2A6C0051D868 /* LaunchScreen.storyboard */; };
		E88C6A451C6515AB0018B1BE /* NewsWebVC.swift in Sources */ = {isa = PBXBuildFile; fileRef = E88C6A441C6515AB0018B1BE /* NewsWebVC.swift */; };
		E88C6A731C6A67C10018B1BE /* TrafficMapVC.swift in Sources */ = {isa = PBXBuildFile; fileRef = E88C6A721C6A67C10018B1BE /* TrafficMapVC.swift */; };
		E88C6C811C6D58AA0018B1BE /* CoreLocation.framework in Frameworks */ = {isa = PBXBuildFile; fileRef = E88C6C801C6D58AA0018B1BE /* CoreLocation.framework */; };
		E8A589DF1C7CEAE200F090E5 /* Identifiers.swift in Sources */ = {isa = PBXBuildFile; fileRef = E8A589DE1C7CEAE200F090E5 /* Identifiers.swift */; };
		FA40DF351C5C0B1A008DF6D4 /* TestWeatherViewController.swift in Sources */ = {isa = PBXBuildFile; fileRef = FA40DF341C5C0B1A008DF6D4 /* TestWeatherViewController.swift */; };
		FA68AC621C7B472100155CDA /* SettingsVC.swift in Sources */ = {isa = PBXBuildFile; fileRef = FA68AC611C7B472100155CDA /* SettingsVC.swift */; };
		FA68AC661C7B56FF00155CDA /* SwitchView.swift in Sources */ = {isa = PBXBuildFile; fileRef = FA68AC651C7B56FF00155CDA /* SwitchView.swift */; };
		FA7C8C0C1C589C6000C99352 /* TestTrafficViewController.swift in Sources */ = {isa = PBXBuildFile; fileRef = FA7C8C0B1C589C6000C99352 /* TestTrafficViewController.swift */; };
		FAAD99881C5625AA00C44322 /* Incident.swift in Sources */ = {isa = PBXBuildFile; fileRef = FAAD99841C5625AA00C44322 /* Incident.swift */; };
		FAAD99891C5625AA00C44322 /* Incidents.swift in Sources */ = {isa = PBXBuildFile; fileRef = FAAD99851C5625AA00C44322 /* Incidents.swift */; };
		FAAD998A1C5625AA00C44322 /* Market.swift in Sources */ = {isa = PBXBuildFile; fileRef = FAAD99861C5625AA00C44322 /* Market.swift */; };
		FAAD998B1C5625AA00C44322 /* Markets.swift in Sources */ = {isa = PBXBuildFile; fileRef = FAAD99871C5625AA00C44322 /* Markets.swift */; };
		FABDF37D1C6160160010C256 /* Multimedia.swift in Sources */ = {isa = PBXBuildFile; fileRef = FABDF37C1C6160160010C256 /* Multimedia.swift */; };
		FABDF3801C6160D00010C256 /* News.swift in Sources */ = {isa = PBXBuildFile; fileRef = FABDF37E1C6160D00010C256 /* News.swift */; };
		FABDF3811C6160D00010C256 /* NewsItem.swift in Sources */ = {isa = PBXBuildFile; fileRef = FABDF37F1C6160D00010C256 /* NewsItem.swift */; };
		FAC3FB301C538E4200E2642A /* Weather.swift in Sources */ = {isa = PBXBuildFile; fileRef = FAC3FB2C1C538E4200E2642A /* Weather.swift */; };
		FAC3FB311C538E4200E2642A /* WeatherForecast.swift in Sources */ = {isa = PBXBuildFile; fileRef = FAC3FB2D1C538E4200E2642A /* WeatherForecast.swift */; };
		FAC3FB321C538E4200E2642A /* WeatherNext.swift in Sources */ = {isa = PBXBuildFile; fileRef = FAC3FB2E1C538E4200E2642A /* WeatherNext.swift */; };
		FAC3FB331C538E4200E2642A /* WeatherToday.swift in Sources */ = {isa = PBXBuildFile; fileRef = FAC3FB2F1C538E4200E2642A /* WeatherToday.swift */; };
/* End PBXBuildFile section */

/* Begin PBXCopyFilesBuildPhase section */
		E88C6C7F1C6D58810018B1BE /* Embed Frameworks */ = {
			isa = PBXCopyFilesBuildPhase;
			buildActionMask = 2147483647;
			dstPath = "";
			dstSubfolderSpec = 10;
			files = (
			);
			name = "Embed Frameworks";
			runOnlyForDeploymentPostprocessing = 0;
		};
/* End PBXCopyFilesBuildPhase section */

/* Begin PBXFileReference section */
		E80BD97F1C57E12B005D7EAF /* AnimationController.swift */ = {isa = PBXFileReference; fileEncoding = 4; lastKnownFileType = sourcecode.swift; path = AnimationController.swift; sourceTree = "<group>"; };
		E80BD9811C586D95005D7EAF /* WeatherView.xib */ = {isa = PBXFileReference; fileEncoding = 4; lastKnownFileType = file.xib; path = WeatherView.xib; sourceTree = "<group>"; };
		E80BD9891C587E53005D7EAF /* WeatherView.swift */ = {isa = PBXFileReference; fileEncoding = 4; lastKnownFileType = sourcecode.swift; path = WeatherView.swift; sourceTree = "<group>"; };
		E80BD98B1C58859C005D7EAF /* WeatherTableCell.swift */ = {isa = PBXFileReference; fileEncoding = 4; lastKnownFileType = sourcecode.swift; path = WeatherTableCell.swift; sourceTree = "<group>"; };
		E80BD98C1C58859C005D7EAF /* WeatherTableCell.xib */ = {isa = PBXFileReference; fileEncoding = 4; lastKnownFileType = file.xib; path = WeatherTableCell.xib; sourceTree = "<group>"; };
		E8234FA11C5C2719000C91A9 /* CityNewsMain.swift */ = {isa = PBXFileReference; fileEncoding = 4; lastKnownFileType = sourcecode.swift; path = CityNewsMain.swift; sourceTree = "<group>"; };
		E8234FA31C5C272C000C91A9 /* CityNewsMain.xib */ = {isa = PBXFileReference; fileEncoding = 4; lastKnownFileType = file.xib; path = CityNewsMain.xib; sourceTree = "<group>"; };
		E8234FA81C5C2F76000C91A9 /* TrafficTableCell.swift */ = {isa = PBXFileReference; fileEncoding = 4; lastKnownFileType = sourcecode.swift; path = TrafficTableCell.swift; sourceTree = "<group>"; };
		E8234FA91C5C2F76000C91A9 /* TrafficTableCell.xib */ = {isa = PBXFileReference; fileEncoding = 4; lastKnownFileType = file.xib; path = TrafficTableCell.xib; sourceTree = "<group>"; };
		E8234FAC1C5C2F93000C91A9 /* TrafficMainView.swift */ = {isa = PBXFileReference; fileEncoding = 4; lastKnownFileType = sourcecode.swift; path = TrafficMainView.swift; sourceTree = "<group>"; };
		E8234FAE1C5C2FA0000C91A9 /* TrafficMainView.xib */ = {isa = PBXFileReference; fileEncoding = 4; lastKnownFileType = file.xib; path = TrafficMainView.xib; sourceTree = "<group>"; };
		E8234FDA1C5F4974000C91A9 /* WeatherVC.swift */ = {isa = PBXFileReference; fileEncoding = 4; lastKnownFileType = sourcecode.swift; path = WeatherVC.swift; sourceTree = "<group>"; };
		E8234FDC1C5FCA93000C91A9 /* TrafficVC.swift */ = {isa = PBXFileReference; fileEncoding = 4; lastKnownFileType = sourcecode.swift; path = TrafficVC.swift; sourceTree = "<group>"; };
		E8234FDE1C5FCA9F000C91A9 /* NewsVC.swift */ = {isa = PBXFileReference; fileEncoding = 4; lastKnownFileType = sourcecode.swift; path = NewsVC.swift; sourceTree = "<group>"; };
		E836DC0D1C6D99790066A471 /* TrafficCallOut.xib */ = {isa = PBXFileReference; fileEncoding = 4; lastKnownFileType = file.xib; path = TrafficCallOut.xib; sourceTree = "<group>"; };
		E836DC0F1C6D9AE30066A471 /* TrafficCallOut.swift */ = {isa = PBXFileReference; fileEncoding = 4; lastKnownFileType = sourcecode.swift; path = TrafficCallOut.swift; sourceTree = "<group>"; };
		E836DC131C6DACBE0066A471 /* IncidentAnnotation.swift */ = {isa = PBXFileReference; fileEncoding = 4; lastKnownFileType = sourcecode.swift; name = IncidentAnnotation.swift; path = ../IncidentAnnotation.swift; sourceTree = "<group>"; };
		E836DC151C6DAE0A0066A471 /* IncidentAnnotationView.swift */ = {isa = PBXFileReference; fileEncoding = 4; lastKnownFileType = sourcecode.swift; path = IncidentAnnotationView.swift; sourceTree = "<group>"; };
		E84480D31C556C7D0035DCE6 /* CityNewsCell.xib */ = {isa = PBXFileReference; fileEncoding = 4; lastKnownFileType = file.xib; name = CityNewsCell.xib; path = ../CityNewsCell.xib; sourceTree = "<group>"; };
		E84480D61C5570CE0035DCE6 /* CityNewsCell.swift */ = {isa = PBXFileReference; fileEncoding = 4; lastKnownFileType = sourcecode.swift; path = CityNewsCell.swift; sourceTree = "<group>"; };
		E870891F1C4C2A6C0051D868 /* City-Dashboard.app */ = {isa = PBXFileReference; explicitFileType = wrapper.application; includeInIndex = 0; path = "City-Dashboard.app"; sourceTree = BUILT_PRODUCTS_DIR; };
		E87089221C4C2A6C0051D868 /* AppDelegate.swift */ = {isa = PBXFileReference; lastKnownFileType = sourcecode.swift; path = AppDelegate.swift; sourceTree = "<group>"; };
		E87089271C4C2A6C0051D868 /* Base */ = {isa = PBXFileReference; lastKnownFileType = file.storyboard; name = Base; path = Base.lproj/Main.storyboard; sourceTree = "<group>"; };
		E87089291C4C2A6C0051D868 /* Assets.xcassets */ = {isa = PBXFileReference; lastKnownFileType = folder.assetcatalog; path = Assets.xcassets; sourceTree = "<group>"; };
		E870892C1C4C2A6C0051D868 /* Base */ = {isa = PBXFileReference; lastKnownFileType = file.storyboard; name = Base; path = Base.lproj/LaunchScreen.storyboard; sourceTree = "<group>"; };
		E870892E1C4C2A6C0051D868 /* Info.plist */ = {isa = PBXFileReference; lastKnownFileType = text.plist.xml; path = Info.plist; sourceTree = "<group>"; };
		E88C6A441C6515AB0018B1BE /* NewsWebVC.swift */ = {isa = PBXFileReference; fileEncoding = 4; lastKnownFileType = sourcecode.swift; path = NewsWebVC.swift; sourceTree = "<group>"; };
		E88C6A721C6A67C10018B1BE /* TrafficMapVC.swift */ = {isa = PBXFileReference; fileEncoding = 4; lastKnownFileType = sourcecode.swift; path = TrafficMapVC.swift; sourceTree = "<group>"; };
		E88C6C801C6D58AA0018B1BE /* CoreLocation.framework */ = {isa = PBXFileReference; lastKnownFileType = wrapper.framework; name = CoreLocation.framework; path = System/Library/Frameworks/CoreLocation.framework; sourceTree = SDKROOT; };
		E8A589DE1C7CEAE200F090E5 /* Identifiers.swift */ = {isa = PBXFileReference; fileEncoding = 4; lastKnownFileType = sourcecode.swift; path = Identifiers.swift; sourceTree = "<group>"; };
		FA40DF341C5C0B1A008DF6D4 /* TestWeatherViewController.swift */ = {isa = PBXFileReference; fileEncoding = 4; lastKnownFileType = sourcecode.swift; path = TestWeatherViewController.swift; sourceTree = "<group>"; };
		FA68AC611C7B472100155CDA /* SettingsVC.swift */ = {isa = PBXFileReference; fileEncoding = 4; lastKnownFileType = sourcecode.swift; path = SettingsVC.swift; sourceTree = "<group>"; };
		FA68AC651C7B56FF00155CDA /* SwitchView.swift */ = {isa = PBXFileReference; fileEncoding = 4; lastKnownFileType = sourcecode.swift; path = SwitchView.swift; sourceTree = "<group>"; };
		FA7C8C0B1C589C6000C99352 /* TestTrafficViewController.swift */ = {isa = PBXFileReference; fileEncoding = 4; lastKnownFileType = sourcecode.swift; path = TestTrafficViewController.swift; sourceTree = "<group>"; };
		FAAD99841C5625AA00C44322 /* Incident.swift */ = {isa = PBXFileReference; fileEncoding = 4; lastKnownFileType = sourcecode.swift; path = Incident.swift; sourceTree = "<group>"; };
		FAAD99851C5625AA00C44322 /* Incidents.swift */ = {isa = PBXFileReference; fileEncoding = 4; lastKnownFileType = sourcecode.swift; path = Incidents.swift; sourceTree = "<group>"; };
		FAAD99861C5625AA00C44322 /* Market.swift */ = {isa = PBXFileReference; fileEncoding = 4; lastKnownFileType = sourcecode.swift; path = Market.swift; sourceTree = "<group>"; };
		FAAD99871C5625AA00C44322 /* Markets.swift */ = {isa = PBXFileReference; fileEncoding = 4; lastKnownFileType = sourcecode.swift; path = Markets.swift; sourceTree = "<group>"; };
		FABDF37C1C6160160010C256 /* Multimedia.swift */ = {isa = PBXFileReference; fileEncoding = 4; lastKnownFileType = sourcecode.swift; path = Multimedia.swift; sourceTree = "<group>"; };
		FABDF37E1C6160D00010C256 /* News.swift */ = {isa = PBXFileReference; fileEncoding = 4; lastKnownFileType = sourcecode.swift; path = News.swift; sourceTree = "<group>"; };
		FABDF37F1C6160D00010C256 /* NewsItem.swift */ = {isa = PBXFileReference; fileEncoding = 4; lastKnownFileType = sourcecode.swift; path = NewsItem.swift; sourceTree = "<group>"; };
		FAC3FB2C1C538E4200E2642A /* Weather.swift */ = {isa = PBXFileReference; fileEncoding = 4; lastKnownFileType = sourcecode.swift; path = Weather.swift; sourceTree = "<group>"; };
		FAC3FB2D1C538E4200E2642A /* WeatherForecast.swift */ = {isa = PBXFileReference; fileEncoding = 4; lastKnownFileType = sourcecode.swift; path = WeatherForecast.swift; sourceTree = "<group>"; };
		FAC3FB2E1C538E4200E2642A /* WeatherNext.swift */ = {isa = PBXFileReference; fileEncoding = 4; lastKnownFileType = sourcecode.swift; path = WeatherNext.swift; sourceTree = "<group>"; };
		FAC3FB2F1C538E4200E2642A /* WeatherToday.swift */ = {isa = PBXFileReference; fileEncoding = 4; lastKnownFileType = sourcecode.swift; path = WeatherToday.swift; sourceTree = "<group>"; };
/* End PBXFileReference section */

/* Begin PBXFrameworksBuildPhase section */
		E870891C1C4C2A6C0051D868 /* Frameworks */ = {
			isa = PBXFrameworksBuildPhase;
			buildActionMask = 2147483647;
			files = (
				E88C6C811C6D58AA0018B1BE /* CoreLocation.framework in Frameworks */,
			);
			runOnlyForDeploymentPostprocessing = 0;
		};
/* End PBXFrameworksBuildPhase section */

/* Begin PBXGroup section */
		E8234FA51C5C2F07000C91A9 /* Traffic */ = {
			isa = PBXGroup;
			children = (
				E8234FA91C5C2F76000C91A9 /* TrafficTableCell.xib */,
				E8234FA81C5C2F76000C91A9 /* TrafficTableCell.swift */,
				E8234FAC1C5C2F93000C91A9 /* TrafficMainView.swift */,
				E8234FAE1C5C2FA0000C91A9 /* TrafficMainView.xib */,
				E836DC0D1C6D99790066A471 /* TrafficCallOut.xib */,
				E836DC0F1C6D9AE30066A471 /* TrafficCallOut.swift */,
				E836DC151C6DAE0A0066A471 /* IncidentAnnotationView.swift */,
			);
			name = Traffic;
			sourceTree = "<group>";
		};
		E84480C61C5493970035DCE6 /* View */ = {
			isa = PBXGroup;
			children = (
				FA68AC641C7B56E400155CDA /* Settings */,
				FA7C8C0A1C589C3000C99352 /* APITestVCs */,
				E87089261C4C2A6C0051D868 /* Main.storyboard */,
				E870892B1C4C2A6C0051D868 /* LaunchScreen.storyboard */,
				E84480C81C5493B90035DCE6 /* Weather */,
				E8234FA51C5C2F07000C91A9 /* Traffic */,
				E84480C71C5493A20035DCE6 /* News */,
			);
			name = View;
			sourceTree = "<group>";
		};
		E84480C71C5493A20035DCE6 /* News */ = {
			isa = PBXGroup;
			children = (
				E84480D31C556C7D0035DCE6 /* CityNewsCell.xib */,
				E84480D61C5570CE0035DCE6 /* CityNewsCell.swift */,
				E8234FA11C5C2719000C91A9 /* CityNewsMain.swift */,
				E8234FA31C5C272C000C91A9 /* CityNewsMain.xib */,
			);
			name = News;
			sourceTree = "<group>";
		};
		E84480C81C5493B90035DCE6 /* Weather */ = {
			isa = PBXGroup;
			children = (
				E80BD98B1C58859C005D7EAF /* WeatherTableCell.swift */,
				E80BD98C1C58859C005D7EAF /* WeatherTableCell.xib */,
				E80BD9891C587E53005D7EAF /* WeatherView.swift */,
				E80BD9811C586D95005D7EAF /* WeatherView.xib */,
			);
			name = Weather;
			sourceTree = "<group>";
		};
		E84480D51C5570720035DCE6 /* Controller */ = {
			isa = PBXGroup;
			children = (
				E80BD97F1C57E12B005D7EAF /* AnimationController.swift */,
				E8234FDA1C5F4974000C91A9 /* WeatherVC.swift */,
				E8234FDC1C5FCA93000C91A9 /* TrafficVC.swift */,
				E88C6A721C6A67C10018B1BE /* TrafficMapVC.swift */,
				E8234FDE1C5FCA9F000C91A9 /* NewsVC.swift */,
				E88C6A441C6515AB0018B1BE /* NewsWebVC.swift */,
				FA68AC611C7B472100155CDA /* SettingsVC.swift */,
			);
			name = Controller;
			sourceTree = "<group>";
		};
		E87089161C4C2A6C0051D868 = {
			isa = PBXGroup;
			children = (
				E88C6C801C6D58AA0018B1BE /* CoreLocation.framework */,
				E87089211C4C2A6C0051D868 /* City-Dashboard */,
				E87089201C4C2A6C0051D868 /* Products */,
			);
			sourceTree = "<group>";
		};
		E87089201C4C2A6C0051D868 /* Products */ = {
			isa = PBXGroup;
			children = (
				E870891F1C4C2A6C0051D868 /* City-Dashboard.app */,
			);
			name = Products;
			sourceTree = "<group>";
		};
		E87089211C4C2A6C0051D868 /* City-Dashboard */ = {
			isa = PBXGroup;
			children = (
				E87089221C4C2A6C0051D868 /* AppDelegate.swift */,
				E84480D51C5570720035DCE6 /* Controller */,
				FAC3FB281C538D4D00E2642A /* Model */,
				E84480C61C5493970035DCE6 /* View */,
				E87089291C4C2A6C0051D868 /* Assets.xcassets */,
				E870892E1C4C2A6C0051D868 /* Info.plist */,
				E8A589DD1C7CEA5100F090E5 /* Utilities */,
			);
			path = "City-Dashboard";
			sourceTree = "<group>";
		};
		E8A589DD1C7CEA5100F090E5 /* Utilities */ = {
			isa = PBXGroup;
			children = (
				E8A589DE1C7CEAE200F090E5 /* Identifiers.swift */,
			);
			name = Utilities;
			sourceTree = "<group>";
		};
		FA68AC641C7B56E400155CDA /* Settings */ = {
			isa = PBXGroup;
			children = (
				FA68AC651C7B56FF00155CDA /* SwitchView.swift */,
			);
			name = Settings;
			sourceTree = "<group>";
		};
		FA7BB86D1C60C5660004B699 /* News */ = {
			isa = PBXGroup;
			children = (
				FABDF37E1C6160D00010C256 /* News.swift */,
				FABDF37C1C6160160010C256 /* Multimedia.swift */,
				FABDF37F1C6160D00010C256 /* NewsItem.swift */,
			);
			name = News;
			sourceTree = "<group>";
		};
		FA7C8C0A1C589C3000C99352 /* APITestVCs */ = {
			isa = PBXGroup;
			children = (
				FA7C8C0B1C589C6000C99352 /* TestTrafficViewController.swift */,
				FA40DF341C5C0B1A008DF6D4 /* TestWeatherViewController.swift */,
			);
			name = APITestVCs;
			sourceTree = "<group>";
		};
		FAAD99831C56257700C44322 /* Traffic */ = {
			isa = PBXGroup;
			children = (
				FAAD99861C5625AA00C44322 /* Market.swift */,
				FAAD99871C5625AA00C44322 /* Markets.swift */,
				FAAD99841C5625AA00C44322 /* Incident.swift */,
				FAAD99851C5625AA00C44322 /* Incidents.swift */,
				E836DC131C6DACBE0066A471 /* IncidentAnnotation.swift */,
			);
			name = Traffic;
			sourceTree = "<group>";
		};
		FAC3FB281C538D4D00E2642A /* Model */ = {
			isa = PBXGroup;
			children = (
				FAC3FB291C538D5400E2642A /* Weather */,
				FAAD99831C56257700C44322 /* Traffic */,
				FA7BB86D1C60C5660004B699 /* News */,
			);
			name = Model;
			sourceTree = "<group>";
		};
		FAC3FB291C538D5400E2642A /* Weather */ = {
			isa = PBXGroup;
			children = (
				FAC3FB2C1C538E4200E2642A /* Weather.swift */,
				FAC3FB2F1C538E4200E2642A /* WeatherToday.swift */,
				FAC3FB2E1C538E4200E2642A /* WeatherNext.swift */,
				FAC3FB2D1C538E4200E2642A /* WeatherForecast.swift */,
			);
			name = Weather;
			sourceTree = "<group>";
		};
/* End PBXGroup section */

/* Begin PBXNativeTarget section */
		E870891E1C4C2A6C0051D868 /* City-Dashboard */ = {
			isa = PBXNativeTarget;
			buildConfigurationList = E87089311C4C2A6C0051D868 /* Build configuration list for PBXNativeTarget "City-Dashboard" */;
			buildPhases = (
				E870891B1C4C2A6C0051D868 /* Sources */,
				E870891C1C4C2A6C0051D868 /* Frameworks */,
				E870891D1C4C2A6C0051D868 /* Resources */,
				E88C6C7F1C6D58810018B1BE /* Embed Frameworks */,
			);
			buildRules = (
			);
			dependencies = (
			);
			name = "City-Dashboard";
			productName = "City-Dashboard";
			productReference = E870891F1C4C2A6C0051D868 /* City-Dashboard.app */;
			productType = "com.apple.product-type.application";
		};
/* End PBXNativeTarget section */

/* Begin PBXProject section */
		E87089171C4C2A6C0051D868 /* Project object */ = {
			isa = PBXProject;
			attributes = {
				LastSwiftUpdateCheck = 0720;
				LastUpgradeCheck = 0720;
				ORGANIZATIONNAME = "Miwand Najafe";
				TargetAttributes = {
					E870891E1C4C2A6C0051D868 = {
						CreatedOnToolsVersion = 7.2;
						DevelopmentTeam = W36NVXCL48;
						SystemCapabilities = {
							com.apple.Maps.iOS = {
								enabled = 0;
							};
						};
					};
				};
			};
			buildConfigurationList = E870891A1C4C2A6C0051D868 /* Build configuration list for PBXProject "City-Dashboard" */;
			compatibilityVersion = "Xcode 3.2";
			developmentRegion = English;
			hasScannedForEncodings = 0;
			knownRegions = (
				en,
				Base,
			);
			mainGroup = E87089161C4C2A6C0051D868;
			productRefGroup = E87089201C4C2A6C0051D868 /* Products */;
			projectDirPath = "";
			projectRoot = "";
			targets = (
				E870891E1C4C2A6C0051D868 /* City-Dashboard */,
			);
		};
/* End PBXProject section */

/* Begin PBXResourcesBuildPhase section */
		E870891D1C4C2A6C0051D868 /* Resources */ = {
			isa = PBXResourcesBuildPhase;
			buildActionMask = 2147483647;
			files = (
				E84480D41C556C7D0035DCE6 /* CityNewsCell.xib in Resources */,
				E870892D1C4C2A6C0051D868 /* LaunchScreen.storyboard in Resources */,
				E8234FA41C5C272C000C91A9 /* CityNewsMain.xib in Resources */,
				E80BD98E1C58859C005D7EAF /* WeatherTableCell.xib in Resources */,
				E836DC0E1C6D99790066A471 /* TrafficCallOut.xib in Resources */,
				E8234FAF1C5C2FA0000C91A9 /* TrafficMainView.xib in Resources */,
				E8234FAB1C5C2F76000C91A9 /* TrafficTableCell.xib in Resources */,
				E870892A1C4C2A6C0051D868 /* Assets.xcassets in Resources */,
				E80BD9821C586D95005D7EAF /* WeatherView.xib in Resources */,
				E87089281C4C2A6C0051D868 /* Main.storyboard in Resources */,
			);
			runOnlyForDeploymentPostprocessing = 0;
		};
/* End PBXResourcesBuildPhase section */

/* Begin PBXSourcesBuildPhase section */
		E870891B1C4C2A6C0051D868 /* Sources */ = {
			isa = PBXSourcesBuildPhase;
			buildActionMask = 2147483647;
			files = (
				FAC3FB301C538E4200E2642A /* Weather.swift in Sources */,
				FABDF3801C6160D00010C256 /* News.swift in Sources */,
				E8A589DF1C7CEAE200F090E5 /* Identifiers.swift in Sources */,
				FAC3FB311C538E4200E2642A /* WeatherForecast.swift in Sources */,
				E80BD9801C57E12B005D7EAF /* AnimationController.swift in Sources */,
				E8234FAD1C5C2F93000C91A9 /* TrafficMainView.swift in Sources */,
				E8234FAA1C5C2F76000C91A9 /* TrafficTableCell.swift in Sources */,
				FAAD99881C5625AA00C44322 /* Incident.swift in Sources */,
				FABDF37D1C6160160010C256 /* Multimedia.swift in Sources */,
				FA40DF351C5C0B1A008DF6D4 /* TestWeatherViewController.swift in Sources */,
				FAAD99891C5625AA00C44322 /* Incidents.swift in Sources */,
				E836DC101C6D9AE30066A471 /* TrafficCallOut.swift in Sources */,
				E88C6A451C6515AB0018B1BE /* NewsWebVC.swift in Sources */,
				E836DC161C6DAE0A0066A471 /* IncidentAnnotationView.swift in Sources */,
				E87089231C4C2A6C0051D868 /* AppDelegate.swift in Sources */,
				FAC3FB331C538E4200E2642A /* WeatherToday.swift in Sources */,
				E88C6A731C6A67C10018B1BE /* TrafficMapVC.swift in Sources */,
				E8234FDF1C5FCA9F000C91A9 /* NewsVC.swift in Sources */,
				FA68AC661C7B56FF00155CDA /* SwitchView.swift in Sources */,
				FABDF3811C6160D00010C256 /* NewsItem.swift in Sources */,
				E8234FA21C5C271A000C91A9 /* CityNewsMain.swift in Sources */,
				FAC3FB321C538E4200E2642A /* WeatherNext.swift in Sources */,
				E84480D71C5570CE0035DCE6 /* CityNewsCell.swift in Sources */,
				E836DC141C6DACBE0066A471 /* IncidentAnnotation.swift in Sources */,
				E80BD98D1C58859C005D7EAF /* WeatherTableCell.swift in Sources */,
				E8234FDB1C5F4974000C91A9 /* WeatherVC.swift in Sources */,
				E80BD98A1C587E53005D7EAF /* WeatherView.swift in Sources */,
				FAAD998A1C5625AA00C44322 /* Market.swift in Sources */,
				FA7C8C0C1C589C6000C99352 /* TestTrafficViewController.swift in Sources */,
				FAAD998B1C5625AA00C44322 /* Markets.swift in Sources */,
				E8234FDD1C5FCA93000C91A9 /* TrafficVC.swift in Sources */,
				FA68AC621C7B472100155CDA /* SettingsVC.swift in Sources */,
			);
			runOnlyForDeploymentPostprocessing = 0;
		};
/* End PBXSourcesBuildPhase section */

/* Begin PBXVariantGroup section */
		E87089261C4C2A6C0051D868 /* Main.storyboard */ = {
			isa = PBXVariantGroup;
			children = (
				E87089271C4C2A6C0051D868 /* Base */,
			);
			name = Main.storyboard;
			sourceTree = "<group>";
		};
		E870892B1C4C2A6C0051D868 /* LaunchScreen.storyboard */ = {
			isa = PBXVariantGroup;
			children = (
				E870892C1C4C2A6C0051D868 /* Base */,
			);
			name = LaunchScreen.storyboard;
			sourceTree = "<group>";
		};
/* End PBXVariantGroup section */

/* Begin XCBuildConfiguration section */
		E870892F1C4C2A6C0051D868 /* Debug */ = {
			isa = XCBuildConfiguration;
			buildSettings = {
				ALWAYS_SEARCH_USER_PATHS = NO;
				CLANG_CXX_LANGUAGE_STANDARD = "gnu++0x";
				CLANG_CXX_LIBRARY = "libc++";
				CLANG_ENABLE_MODULES = YES;
				CLANG_ENABLE_OBJC_ARC = YES;
				CLANG_WARN_BOOL_CONVERSION = YES;
				CLANG_WARN_CONSTANT_CONVERSION = YES;
				CLANG_WARN_DIRECT_OBJC_ISA_USAGE = YES_ERROR;
				CLANG_WARN_EMPTY_BODY = YES;
				CLANG_WARN_ENUM_CONVERSION = YES;
				CLANG_WARN_INT_CONVERSION = YES;
				CLANG_WARN_OBJC_ROOT_CLASS = YES_ERROR;
				CLANG_WARN_UNREACHABLE_CODE = YES;
				CLANG_WARN__DUPLICATE_METHOD_MATCH = YES;
				"CODE_SIGN_IDENTITY[sdk=iphoneos*]" = "iPhone Developer";
				COPY_PHASE_STRIP = NO;
				DEBUG_INFORMATION_FORMAT = dwarf;
				ENABLE_STRICT_OBJC_MSGSEND = YES;
				ENABLE_TESTABILITY = YES;
				GCC_C_LANGUAGE_STANDARD = gnu99;
				GCC_DYNAMIC_NO_PIC = NO;
				GCC_NO_COMMON_BLOCKS = YES;
				GCC_OPTIMIZATION_LEVEL = 0;
				GCC_PREPROCESSOR_DEFINITIONS = (
					"DEBUG=1",
					"$(inherited)",
				);
				GCC_WARN_64_TO_32_BIT_CONVERSION = YES;
				GCC_WARN_ABOUT_RETURN_TYPE = YES_ERROR;
				GCC_WARN_UNDECLARED_SELECTOR = YES;
				GCC_WARN_UNINITIALIZED_AUTOS = YES_AGGRESSIVE;
				GCC_WARN_UNUSED_FUNCTION = YES;
				GCC_WARN_UNUSED_VARIABLE = YES;
				IPHONEOS_DEPLOYMENT_TARGET = 9.2;
				MTL_ENABLE_DEBUG_INFO = YES;
				ONLY_ACTIVE_ARCH = YES;
				SDKROOT = iphoneos;
				SWIFT_OPTIMIZATION_LEVEL = "-Onone";
			};
			name = Debug;
		};
		E87089301C4C2A6C0051D868 /* Release */ = {
			isa = XCBuildConfiguration;
			buildSettings = {
				ALWAYS_SEARCH_USER_PATHS = NO;
				CLANG_CXX_LANGUAGE_STANDARD = "gnu++0x";
				CLANG_CXX_LIBRARY = "libc++";
				CLANG_ENABLE_MODULES = YES;
				CLANG_ENABLE_OBJC_ARC = YES;
				CLANG_WARN_BOOL_CONVERSION = YES;
				CLANG_WARN_CONSTANT_CONVERSION = YES;
				CLANG_WARN_DIRECT_OBJC_ISA_USAGE = YES_ERROR;
				CLANG_WARN_EMPTY_BODY = YES;
				CLANG_WARN_ENUM_CONVERSION = YES;
				CLANG_WARN_INT_CONVERSION = YES;
				CLANG_WARN_OBJC_ROOT_CLASS = YES_ERROR;
				CLANG_WARN_UNREACHABLE_CODE = YES;
				CLANG_WARN__DUPLICATE_METHOD_MATCH = YES;
				"CODE_SIGN_IDENTITY[sdk=iphoneos*]" = "iPhone Developer";
				COPY_PHASE_STRIP = NO;
				DEBUG_INFORMATION_FORMAT = "dwarf-with-dsym";
				ENABLE_NS_ASSERTIONS = NO;
				ENABLE_STRICT_OBJC_MSGSEND = YES;
				GCC_C_LANGUAGE_STANDARD = gnu99;
				GCC_NO_COMMON_BLOCKS = YES;
				GCC_WARN_64_TO_32_BIT_CONVERSION = YES;
				GCC_WARN_ABOUT_RETURN_TYPE = YES_ERROR;
				GCC_WARN_UNDECLARED_SELECTOR = YES;
				GCC_WARN_UNINITIALIZED_AUTOS = YES_AGGRESSIVE;
				GCC_WARN_UNUSED_FUNCTION = YES;
				GCC_WARN_UNUSED_VARIABLE = YES;
				IPHONEOS_DEPLOYMENT_TARGET = 9.2;
				MTL_ENABLE_DEBUG_INFO = NO;
				SDKROOT = iphoneos;
				VALIDATE_PRODUCT = YES;
			};
			name = Release;
		};
		E87089321C4C2A6C0051D868 /* Debug */ = {
			isa = XCBuildConfiguration;
			buildSettings = {
				ASSETCATALOG_COMPILER_APPICON_NAME = AppIcon;
				CODE_SIGN_IDENTITY = "iPhone Developer";
				INFOPLIST_FILE = "City-Dashboard/Info.plist";
				LD_RUNPATH_SEARCH_PATHS = "$(inherited) @executable_path/Frameworks";
				PRODUCT_BUNDLE_IDENTIFIER = "solutions.abstract.City-Dashboard";
				PRODUCT_NAME = "$(TARGET_NAME)";
			};
			name = Debug;
		};
		E87089331C4C2A6C0051D868 /* Release */ = {
			isa = XCBuildConfiguration;
			buildSettings = {
				ASSETCATALOG_COMPILER_APPICON_NAME = AppIcon;
				CODE_SIGN_IDENTITY = "iPhone Developer";
				INFOPLIST_FILE = "City-Dashboard/Info.plist";
				LD_RUNPATH_SEARCH_PATHS = "$(inherited) @executable_path/Frameworks";
				PRODUCT_BUNDLE_IDENTIFIER = "solutions.abstract.City-Dashboard";
				PRODUCT_NAME = "$(TARGET_NAME)";
			};
			name = Release;
		};
/* End XCBuildConfiguration section */

/* Begin XCConfigurationList section */
		E870891A1C4C2A6C0051D868 /* Build configuration list for PBXProject "City-Dashboard" */ = {
			isa = XCConfigurationList;
			buildConfigurations = (
				E870892F1C4C2A6C0051D868 /* Debug */,
				E87089301C4C2A6C0051D868 /* Release */,
			);
			defaultConfigurationIsVisible = 0;
			defaultConfigurationName = Release;
		};
		E87089311C4C2A6C0051D868 /* Build configuration list for PBXNativeTarget "City-Dashboard" */ = {
			isa = XCConfigurationList;
			buildConfigurations = (
				E87089321C4C2A6C0051D868 /* Debug */,
				E87089331C4C2A6C0051D868 /* Release */,
			);
			defaultConfigurationIsVisible = 0;
			defaultConfigurationName = Release;
		};
/* End XCConfigurationList section */
	};
	rootObject = E87089171C4C2A6C0051D868 /* Project object */;
}
