// !$*UTF8*$!
{
	archiveVersion = 1;
	classes = {
	};
	objectVersion = 46;
	objects = {

/* Begin PBXBuildFile section */
		E84480C51C54938C0035DCE6 /* SmallWeather.xib in Resources */ = {isa = PBXBuildFile; fileRef = E84480C41C54938C0035DCE6 /* SmallWeather.xib */; };
		E84480CA1C549C4B0035DCE6 /* SmallWeather.swift in Sources */ = {isa = PBXBuildFile; fileRef = E84480C91C549C4B0035DCE6 /* SmallWeather.swift */; };
		E84480CC1C54B2CC0035DCE6 /* SmallWeatherAlt.xib in Resources */ = {isa = PBXBuildFile; fileRef = E84480CB1C54B2CC0035DCE6 /* SmallWeatherAlt.xib */; };
		E84480CE1C54BDA20035DCE6 /* SmallWeatherAlt.swift in Sources */ = {isa = PBXBuildFile; fileRef = E84480CD1C54BDA20035DCE6 /* SmallWeatherAlt.swift */; };
		E84480D41C556C7D0035DCE6 /* CityNewsMain.xib in Resources */ = {isa = PBXBuildFile; fileRef = E84480D31C556C7D0035DCE6 /* CityNewsMain.xib */; };
		E84480D71C5570CE0035DCE6 /* CityNewsMain.swift in Sources */ = {isa = PBXBuildFile; fileRef = E84480D61C5570CE0035DCE6 /* CityNewsMain.swift */; };
		E84480D91C5578550035DCE6 /* CityNewsAlt.xib in Resources */ = {isa = PBXBuildFile; fileRef = E84480D81C5578550035DCE6 /* CityNewsAlt.xib */; };
		E84480DB1C5578730035DCE6 /* CityNewsAlt.swift in Sources */ = {isa = PBXBuildFile; fileRef = E84480DA1C5578730035DCE6 /* CityNewsAlt.swift */; };
		E84480DD1C55C3A00035DCE6 /* LargeWeatherScreen.swift in Sources */ = {isa = PBXBuildFile; fileRef = E84480DC1C55C3A00035DCE6 /* LargeWeatherScreen.swift */; };
		E84480DF1C55C3B40035DCE6 /* LargeWeatherScreen.xib in Resources */ = {isa = PBXBuildFile; fileRef = E84480DE1C55C3B40035DCE6 /* LargeWeatherScreen.xib */; };
		E84FD0EA1C51D0620031FF33 /* cityNewsCell.swift in Sources */ = {isa = PBXBuildFile; fileRef = E84FD0E91C51D0620031FF33 /* cityNewsCell.swift */; };
		E84FD0EC1C51D2420031FF33 /* cityNewsCell.xib in Resources */ = {isa = PBXBuildFile; fileRef = E84FD0EB1C51D2420031FF33 /* cityNewsCell.xib */; };
		E87089231C4C2A6C0051D868 /* AppDelegate.swift in Sources */ = {isa = PBXBuildFile; fileRef = E87089221C4C2A6C0051D868 /* AppDelegate.swift */; };
		E87089251C4C2A6C0051D868 /* MenuController.swift in Sources */ = {isa = PBXBuildFile; fileRef = E87089241C4C2A6C0051D868 /* MenuController.swift */; };
		E87089281C4C2A6C0051D868 /* Main.storyboard in Resources */ = {isa = PBXBuildFile; fileRef = E87089261C4C2A6C0051D868 /* Main.storyboard */; };
		E870892A1C4C2A6C0051D868 /* Assets.xcassets in Resources */ = {isa = PBXBuildFile; fileRef = E87089291C4C2A6C0051D868 /* Assets.xcassets */; };
		E870892D1C4C2A6C0051D868 /* LaunchScreen.storyboard in Resources */ = {isa = PBXBuildFile; fileRef = E870892B1C4C2A6C0051D868 /* LaunchScreen.storyboard */; };
		FA40DF351C5C0B1A008DF6D4 /* TestWeatherViewController.swift in Sources */ = {isa = PBXBuildFile; fileRef = FA40DF341C5C0B1A008DF6D4 /* TestWeatherViewController.swift */; };
		FA5B699B1C5F548F007FCB10 /* CoreLocation.framework in Frameworks */ = {isa = PBXBuildFile; fileRef = FA5B699A1C5F548F007FCB10 /* CoreLocation.framework */; };
		FA7C8C0C1C589C6000C99352 /* TestTrafficViewController.swift in Sources */ = {isa = PBXBuildFile; fileRef = FA7C8C0B1C589C6000C99352 /* TestTrafficViewController.swift */; };
		FAAD99881C5625AA00C44322 /* Incident.swift in Sources */ = {isa = PBXBuildFile; fileRef = FAAD99841C5625AA00C44322 /* Incident.swift */; };
		FAAD99891C5625AA00C44322 /* Incidents.swift in Sources */ = {isa = PBXBuildFile; fileRef = FAAD99851C5625AA00C44322 /* Incidents.swift */; };
		FAAD998A1C5625AA00C44322 /* Market.swift in Sources */ = {isa = PBXBuildFile; fileRef = FAAD99861C5625AA00C44322 /* Market.swift */; };
		FAAD998B1C5625AA00C44322 /* Markets.swift in Sources */ = {isa = PBXBuildFile; fileRef = FAAD99871C5625AA00C44322 /* Markets.swift */; };
		FAC3FB301C538E4200E2642A /* Weather.swift in Sources */ = {isa = PBXBuildFile; fileRef = FAC3FB2C1C538E4200E2642A /* Weather.swift */; };
		FAC3FB311C538E4200E2642A /* WeatherForecast.swift in Sources */ = {isa = PBXBuildFile; fileRef = FAC3FB2D1C538E4200E2642A /* WeatherForecast.swift */; };
		FAC3FB321C538E4200E2642A /* WeatherNext.swift in Sources */ = {isa = PBXBuildFile; fileRef = FAC3FB2E1C538E4200E2642A /* WeatherNext.swift */; };
		FAC3FB331C538E4200E2642A /* WeatherToday.swift in Sources */ = {isa = PBXBuildFile; fileRef = FAC3FB2F1C538E4200E2642A /* WeatherToday.swift */; };
/* End PBXBuildFile section */

/* Begin PBXFileReference section */
		E84480C41C54938C0035DCE6 /* SmallWeather.xib */ = {isa = PBXFileReference; fileEncoding = 4; lastKnownFileType = file.xib; path = SmallWeather.xib; sourceTree = "<group>"; };
		E84480C91C549C4B0035DCE6 /* SmallWeather.swift */ = {isa = PBXFileReference; fileEncoding = 4; lastKnownFileType = sourcecode.swift; path = SmallWeather.swift; sourceTree = "<group>"; };
		E84480CB1C54B2CC0035DCE6 /* SmallWeatherAlt.xib */ = {isa = PBXFileReference; fileEncoding = 4; lastKnownFileType = file.xib; path = SmallWeatherAlt.xib; sourceTree = "<group>"; };
		E84480CD1C54BDA20035DCE6 /* SmallWeatherAlt.swift */ = {isa = PBXFileReference; fileEncoding = 4; lastKnownFileType = sourcecode.swift; path = SmallWeatherAlt.swift; sourceTree = "<group>"; };
		E84480D31C556C7D0035DCE6 /* CityNewsMain.xib */ = {isa = PBXFileReference; fileEncoding = 4; lastKnownFileType = file.xib; name = CityNewsMain.xib; path = ../CityNewsMain.xib; sourceTree = "<group>"; };
		E84480D61C5570CE0035DCE6 /* CityNewsMain.swift */ = {isa = PBXFileReference; fileEncoding = 4; lastKnownFileType = sourcecode.swift; path = CityNewsMain.swift; sourceTree = "<group>"; };
		E84480D81C5578550035DCE6 /* CityNewsAlt.xib */ = {isa = PBXFileReference; fileEncoding = 4; lastKnownFileType = file.xib; path = CityNewsAlt.xib; sourceTree = "<group>"; };
		E84480DA1C5578730035DCE6 /* CityNewsAlt.swift */ = {isa = PBXFileReference; fileEncoding = 4; lastKnownFileType = sourcecode.swift; path = CityNewsAlt.swift; sourceTree = "<group>"; };
		E84480DC1C55C3A00035DCE6 /* LargeWeatherScreen.swift */ = {isa = PBXFileReference; fileEncoding = 4; lastKnownFileType = sourcecode.swift; path = LargeWeatherScreen.swift; sourceTree = "<group>"; };
		E84480DE1C55C3B40035DCE6 /* LargeWeatherScreen.xib */ = {isa = PBXFileReference; fileEncoding = 4; lastKnownFileType = file.xib; path = LargeWeatherScreen.xib; sourceTree = "<group>"; };
		E84FD0E91C51D0620031FF33 /* cityNewsCell.swift */ = {isa = PBXFileReference; fileEncoding = 4; lastKnownFileType = sourcecode.swift; path = cityNewsCell.swift; sourceTree = "<group>"; };
		E84FD0EB1C51D2420031FF33 /* cityNewsCell.xib */ = {isa = PBXFileReference; fileEncoding = 4; lastKnownFileType = file.xib; name = cityNewsCell.xib; path = ../cityNewsCell.xib; sourceTree = "<group>"; };
		E870891F1C4C2A6C0051D868 /* City-Dashboard.app */ = {isa = PBXFileReference; explicitFileType = wrapper.application; includeInIndex = 0; path = "City-Dashboard.app"; sourceTree = BUILT_PRODUCTS_DIR; };
		E87089221C4C2A6C0051D868 /* AppDelegate.swift */ = {isa = PBXFileReference; lastKnownFileType = sourcecode.swift; path = AppDelegate.swift; sourceTree = "<group>"; };
		E87089241C4C2A6C0051D868 /* MenuController.swift */ = {isa = PBXFileReference; lastKnownFileType = sourcecode.swift; path = MenuController.swift; sourceTree = "<group>"; };
		E87089271C4C2A6C0051D868 /* Base */ = {isa = PBXFileReference; lastKnownFileType = file.storyboard; name = Base; path = Base.lproj/Main.storyboard; sourceTree = "<group>"; };
		E87089291C4C2A6C0051D868 /* Assets.xcassets */ = {isa = PBXFileReference; lastKnownFileType = folder.assetcatalog; path = Assets.xcassets; sourceTree = "<group>"; };
		E870892C1C4C2A6C0051D868 /* Base */ = {isa = PBXFileReference; lastKnownFileType = file.storyboard; name = Base; path = Base.lproj/LaunchScreen.storyboard; sourceTree = "<group>"; };
		E870892E1C4C2A6C0051D868 /* Info.plist */ = {isa = PBXFileReference; lastKnownFileType = text.plist.xml; path = Info.plist; sourceTree = "<group>"; };
		FA40DF341C5C0B1A008DF6D4 /* TestWeatherViewController.swift */ = {isa = PBXFileReference; fileEncoding = 4; lastKnownFileType = sourcecode.swift; path = TestWeatherViewController.swift; sourceTree = "<group>"; };
		FA5B699A1C5F548F007FCB10 /* CoreLocation.framework */ = {isa = PBXFileReference; lastKnownFileType = wrapper.framework; name = CoreLocation.framework; path = System/Library/Frameworks/CoreLocation.framework; sourceTree = SDKROOT; };
		FA7C8C0B1C589C6000C99352 /* TestTrafficViewController.swift */ = {isa = PBXFileReference; fileEncoding = 4; lastKnownFileType = sourcecode.swift; path = TestTrafficViewController.swift; sourceTree = "<group>"; };
		FAAD99841C5625AA00C44322 /* Incident.swift */ = {isa = PBXFileReference; fileEncoding = 4; lastKnownFileType = sourcecode.swift; path = Incident.swift; sourceTree = "<group>"; };
		FAAD99851C5625AA00C44322 /* Incidents.swift */ = {isa = PBXFileReference; fileEncoding = 4; lastKnownFileType = sourcecode.swift; path = Incidents.swift; sourceTree = "<group>"; };
		FAAD99861C5625AA00C44322 /* Market.swift */ = {isa = PBXFileReference; fileEncoding = 4; lastKnownFileType = sourcecode.swift; path = Market.swift; sourceTree = "<group>"; };
		FAAD99871C5625AA00C44322 /* Markets.swift */ = {isa = PBXFileReference; fileEncoding = 4; lastKnownFileType = sourcecode.swift; path = Markets.swift; sourceTree = "<group>"; };
		FAC3FB2C1C538E4200E2642A /* Weather.swift */ = {isa = PBXFileReference; fileEncoding = 4; lastKnownFileType = sourcecode.swift; path = Weather.swift; sourceTree = "<group>"; };
		FAC3FB2D1C538E4200E2642A /* WeatherForecast.swift */ = {isa = PBXFileReference; fileEncoding = 4; lastKnownFileType = sourcecode.swift; path = WeatherForecast.swift; sourceTree = "<group>"; };
		FAC3FB2E1C538E4200E2642A /* WeatherNext.swift */ = {isa = PBXFileReference; fileEncoding = 4; lastKnownFileType = sourcecode.swift; path = WeatherNext.swift; sourceTree = "<group>"; };
		FAC3FB2F1C538E4200E2642A /* WeatherToday.swift */ = {isa = PBXFileReference; fileEncoding = 4; lastKnownFileType = sourcecode.swift; path = WeatherToday.swift; sourceTree = "<group>"; };
/* End PBXFileReference section */

/* Begin PBXFrameworksBuildPhase section */
		E870891C1C4C2A6C0051D868 /* Frameworks */ = {
			isa = PBXFrameworksBuildPhase;
			buildActionMask = 2147483647;
			files = (
				FA5B699B1C5F548F007FCB10 /* CoreLocation.framework in Frameworks */,
			);
			runOnlyForDeploymentPostprocessing = 0;
		};
/* End PBXFrameworksBuildPhase section */

/* Begin PBXGroup section */
		E84480C61C5493970035DCE6 /* View */ = {
			isa = PBXGroup;
			children = (
				FA7C8C0A1C589C3000C99352 /* APITestVCs */,
				E87089261C4C2A6C0051D868 /* Main.storyboard */,
				E870892B1C4C2A6C0051D868 /* LaunchScreen.storyboard */,
				E84480C81C5493B90035DCE6 /* Weather */,
				E84480C71C5493A20035DCE6 /* News */,
			);
			name = View;
			sourceTree = "<group>";
		};
		E84480C71C5493A20035DCE6 /* News */ = {
			isa = PBXGroup;
			children = (
				E84FD0EB1C51D2420031FF33 /* cityNewsCell.xib */,
				E84FD0E91C51D0620031FF33 /* cityNewsCell.swift */,
				E84480D31C556C7D0035DCE6 /* CityNewsMain.xib */,
				E84480D61C5570CE0035DCE6 /* CityNewsMain.swift */,
				E84480D81C5578550035DCE6 /* CityNewsAlt.xib */,
				E84480DA1C5578730035DCE6 /* CityNewsAlt.swift */,
			);
			name = News;
			sourceTree = "<group>";
		};
		E84480C81C5493B90035DCE6 /* Weather */ = {
			isa = PBXGroup;
			children = (
				E84480C41C54938C0035DCE6 /* SmallWeather.xib */,
				E84480C91C549C4B0035DCE6 /* SmallWeather.swift */,
				E84480DC1C55C3A00035DCE6 /* LargeWeatherScreen.swift */,
				E84480DE1C55C3B40035DCE6 /* LargeWeatherScreen.xib */,
				E84480CB1C54B2CC0035DCE6 /* SmallWeatherAlt.xib */,
				E84480CD1C54BDA20035DCE6 /* SmallWeatherAlt.swift */,
			);
			name = Weather;
			sourceTree = "<group>";
		};
		E84480D51C5570720035DCE6 /* Controller */ = {
			isa = PBXGroup;
			children = (
				E87089241C4C2A6C0051D868 /* MenuController.swift */,
			);
			name = Controller;
			sourceTree = "<group>";
		};
		E87089161C4C2A6C0051D868 = {
			isa = PBXGroup;
			children = (
				FA5B699A1C5F548F007FCB10 /* CoreLocation.framework */,
				E87089211C4C2A6C0051D868 /* City-Dashboard */,
				E87089201C4C2A6C0051D868 /* Products */,
			);
			sourceTree = "<group>";
		};
		E87089201C4C2A6C0051D868 /* Products */ = {
			isa = PBXGroup;
			children = (
				E870891F1C4C2A6C0051D868 /* City-Dashboard.app */,
			);
			name = Products;
			sourceTree = "<group>";
		};
		E87089211C4C2A6C0051D868 /* City-Dashboard */ = {
			isa = PBXGroup;
			children = (
				E87089221C4C2A6C0051D868 /* AppDelegate.swift */,
				E84480D51C5570720035DCE6 /* Controller */,
				FAC3FB281C538D4D00E2642A /* Model */,
				E84480C61C5493970035DCE6 /* View */,
				E87089291C4C2A6C0051D868 /* Assets.xcassets */,
				E870892E1C4C2A6C0051D868 /* Info.plist */,
			);
			path = "City-Dashboard";
			sourceTree = "<group>";
		};
		FA7C8C0A1C589C3000C99352 /* APITestVCs */ = {
			isa = PBXGroup;
			children = (
				FA7C8C0B1C589C6000C99352 /* TestTrafficViewController.swift */,
				FA40DF341C5C0B1A008DF6D4 /* TestWeatherViewController.swift */,
			);
			name = APITestVCs;
			sourceTree = "<group>";
		};
		FAAD99831C56257700C44322 /* Traffic */ = {
			isa = PBXGroup;
			children = (
				FAAD99861C5625AA00C44322 /* Market.swift */,
				FAAD99871C5625AA00C44322 /* Markets.swift */,
				FAAD99841C5625AA00C44322 /* Incident.swift */,
				FAAD99851C5625AA00C44322 /* Incidents.swift */,
			);
			name = Traffic;
			sourceTree = "<group>";
		};
		FAC3FB281C538D4D00E2642A /* Model */ = {
			isa = PBXGroup;
			children = (
				FAAD99831C56257700C44322 /* Traffic */,
				FAC3FB291C538D5400E2642A /* Weather */,
			);
			name = Model;
			sourceTree = "<group>";
		};
		FAC3FB291C538D5400E2642A /* Weather */ = {
			isa = PBXGroup;
			children = (
				FAC3FB2C1C538E4200E2642A /* Weather.swift */,
				FAC3FB2F1C538E4200E2642A /* WeatherToday.swift */,
				FAC3FB2E1C538E4200E2642A /* WeatherNext.swift */,
				FAC3FB2D1C538E4200E2642A /* WeatherForecast.swift */,
			);
			name = Weather;
			sourceTree = "<group>";
		};
/* End PBXGroup section */

/* Begin PBXNativeTarget section */
		E870891E1C4C2A6C0051D868 /* City-Dashboard */ = {
			isa = PBXNativeTarget;
			buildConfigurationList = E87089311C4C2A6C0051D868 /* Build configuration list for PBXNativeTarget "City-Dashboard" */;
			buildPhases = (
				E870891B1C4C2A6C0051D868 /* Sources */,
				E870891C1C4C2A6C0051D868 /* Frameworks */,
				E870891D1C4C2A6C0051D868 /* Resources */,
			);
			buildRules = (
			);
			dependencies = (
			);
			name = "City-Dashboard";
			productName = "City-Dashboard";
			productReference = E870891F1C4C2A6C0051D868 /* City-Dashboard.app */;
			productType = "com.apple.product-type.application";
		};
/* End PBXNativeTarget section */

/* Begin PBXProject section */
		E87089171C4C2A6C0051D868 /* Project object */ = {
			isa = PBXProject;
			attributes = {
				LastSwiftUpdateCheck = 0720;
				LastUpgradeCheck = 0720;
				ORGANIZATIONNAME = "Miwand Najafe";
				TargetAttributes = {
					E870891E1C4C2A6C0051D868 = {
						CreatedOnToolsVersion = 7.2;
					};
				};
			};
			buildConfigurationList = E870891A1C4C2A6C0051D868 /* Build configuration list for PBXProject "City-Dashboard" */;
			compatibilityVersion = "Xcode 3.2";
			developmentRegion = English;
			hasScannedForEncodings = 0;
			knownRegions = (
				en,
				Base,
			);
			mainGroup = E87089161C4C2A6C0051D868;
			productRefGroup = E87089201C4C2A6C0051D868 /* Products */;
			projectDirPath = "";
			projectRoot = "";
			targets = (
				E870891E1C4C2A6C0051D868 /* City-Dashboard */,
			);
		};
/* End PBXProject section */

/* Begin PBXResourcesBuildPhase section */
		E870891D1C4C2A6C0051D868 /* Resources */ = {
			isa = PBXResourcesBuildPhase;
			buildActionMask = 2147483647;
			files = (
				E84480D41C556C7D0035DCE6 /* CityNewsMain.xib in Resources */,
				E84480CC1C54B2CC0035DCE6 /* SmallWeatherAlt.xib in Resources */,
				E870892D1C4C2A6C0051D868 /* LaunchScreen.storyboard in Resources */,
				E84480C51C54938C0035DCE6 /* SmallWeather.xib in Resources */,
				E870892A1C4C2A6C0051D868 /* Assets.xcassets in Resources */,
				E87089281C4C2A6C0051D868 /* Main.storyboard in Resources */,
				E84FD0EC1C51D2420031FF33 /* cityNewsCell.xib in Resources */,
				E84480D91C5578550035DCE6 /* CityNewsAlt.xib in Resources */,
				E84480DF1C55C3B40035DCE6 /* LargeWeatherScreen.xib in Resources */,
			);
			runOnlyForDeploymentPostprocessing = 0;
		};
/* End PBXResourcesBuildPhase section */

/* Begin PBXSourcesBuildPhase section */
		E870891B1C4C2A6C0051D868 /* Sources */ = {
			isa = PBXSourcesBuildPhase;
			buildActionMask = 2147483647;
			files = (
				FAC3FB301C538E4200E2642A /* Weather.swift in Sources */,
				FAC3FB311C538E4200E2642A /* WeatherForecast.swift in Sources */,
				E84480DD1C55C3A00035DCE6 /* LargeWeatherScreen.swift in Sources */,
				E84FD0EA1C51D0620031FF33 /* cityNewsCell.swift in Sources */,
				E87089251C4C2A6C0051D868 /* MenuController.swift in Sources */,
				FAAD99881C5625AA00C44322 /* Incident.swift in Sources */,
				E84480DB1C5578730035DCE6 /* CityNewsAlt.swift in Sources */,
				FA40DF351C5C0B1A008DF6D4 /* TestWeatherViewController.swift in Sources */,
				FAAD99891C5625AA00C44322 /* Incidents.swift in Sources */,
				E87089231C4C2A6C0051D868 /* AppDelegate.swift in Sources */,
				E84480CE1C54BDA20035DCE6 /* SmallWeatherAlt.swift in Sources */,
				E84480CA1C549C4B0035DCE6 /* SmallWeather.swift in Sources */,
				FAC3FB331C538E4200E2642A /* WeatherToday.swift in Sources */,
				FAC3FB321C538E4200E2642A /* WeatherNext.swift in Sources */,
				E84480D71C5570CE0035DCE6 /* CityNewsMain.swift in Sources */,
				FAAD998A1C5625AA00C44322 /* Market.swift in Sources */,
				FA7C8C0C1C589C6000C99352 /* TestTrafficViewController.swift in Sources */,
				FAAD998B1C5625AA00C44322 /* Markets.swift in Sources */,
			);
			runOnlyForDeploymentPostprocessing = 0;
		};
/* End PBXSourcesBuildPhase section */

/* Begin PBXVariantGroup section */
		E87089261C4C2A6C0051D868 /* Main.storyboard */ = {
			isa = PBXVariantGroup;
			children = (
				E87089271C4C2A6C0051D868 /* Base */,
			);
			name = Main.storyboard;
			sourceTree = "<group>";
		};
		E870892B1C4C2A6C0051D868 /* LaunchScreen.storyboard */ = {
			isa = PBXVariantGroup;
			children = (
				E870892C1C4C2A6C0051D868 /* Base */,
			);
			name = LaunchScreen.storyboard;
			sourceTree = "<group>";
		};
/* End PBXVariantGroup section */

/* Begin XCBuildConfiguration section */
		E870892F1C4C2A6C0051D868 /* Debug */ = {
			isa = XCBuildConfiguration;
			buildSettings = {
				ALWAYS_SEARCH_USER_PATHS = NO;
				CLANG_CXX_LANGUAGE_STANDARD = "gnu++0x";
				CLANG_CXX_LIBRARY = "libc++";
				CLANG_ENABLE_MODULES = YES;
				CLANG_ENABLE_OBJC_ARC = YES;
				CLANG_WARN_BOOL_CONVERSION = YES;
				CLANG_WARN_CONSTANT_CONVERSION = YES;
				CLANG_WARN_DIRECT_OBJC_ISA_USAGE = YES_ERROR;
				CLANG_WARN_EMPTY_BODY = YES;
				CLANG_WARN_ENUM_CONVERSION = YES;
				CLANG_WARN_INT_CONVERSION = YES;
				CLANG_WARN_OBJC_ROOT_CLASS = YES_ERROR;
				CLANG_WARN_UNREACHABLE_CODE = YES;
				CLANG_WARN__DUPLICATE_METHOD_MATCH = YES;
				"CODE_SIGN_IDENTITY[sdk=iphoneos*]" = "iPhone Developer";
				COPY_PHASE_STRIP = NO;
				DEBUG_INFORMATION_FORMAT = dwarf;
				ENABLE_STRICT_OBJC_MSGSEND = YES;
				ENABLE_TESTABILITY = YES;
				GCC_C_LANGUAGE_STANDARD = gnu99;
				GCC_DYNAMIC_NO_PIC = NO;
				GCC_NO_COMMON_BLOCKS = YES;
				GCC_OPTIMIZATION_LEVEL = 0;
				GCC_PREPROCESSOR_DEFINITIONS = (
					"DEBUG=1",
					"$(inherited)",
				);
				GCC_WARN_64_TO_32_BIT_CONVERSION = YES;
				GCC_WARN_ABOUT_RETURN_TYPE = YES_ERROR;
				GCC_WARN_UNDECLARED_SELECTOR = YES;
				GCC_WARN_UNINITIALIZED_AUTOS = YES_AGGRESSIVE;
				GCC_WARN_UNUSED_FUNCTION = YES;
				GCC_WARN_UNUSED_VARIABLE = YES;
				IPHONEOS_DEPLOYMENT_TARGET = 9.2;
				MTL_ENABLE_DEBUG_INFO = YES;
				ONLY_ACTIVE_ARCH = YES;
				SDKROOT = iphoneos;
				SWIFT_OPTIMIZATION_LEVEL = "-Onone";
			};
			name = Debug;
		};
		E87089301C4C2A6C0051D868 /* Release */ = {
			isa = XCBuildConfiguration;
			buildSettings = {
				ALWAYS_SEARCH_USER_PATHS = NO;
				CLANG_CXX_LANGUAGE_STANDARD = "gnu++0x";
				CLANG_CXX_LIBRARY = "libc++";
				CLANG_ENABLE_MODULES = YES;
				CLANG_ENABLE_OBJC_ARC = YES;
				CLANG_WARN_BOOL_CONVERSION = YES;
				CLANG_WARN_CONSTANT_CONVERSION = YES;
				CLANG_WARN_DIRECT_OBJC_ISA_USAGE = YES_ERROR;
				CLANG_WARN_EMPTY_BODY = YES;
				CLANG_WARN_ENUM_CONVERSION = YES;
				CLANG_WARN_INT_CONVERSION = YES;
				CLANG_WARN_OBJC_ROOT_CLASS = YES_ERROR;
				CLANG_WARN_UNREACHABLE_CODE = YES;
				CLANG_WARN__DUPLICATE_METHOD_MATCH = YES;
				"CODE_SIGN_IDENTITY[sdk=iphoneos*]" = "iPhone Developer";
				COPY_PHASE_STRIP = NO;
				DEBUG_INFORMATION_FORMAT = "dwarf-with-dsym";
				ENABLE_NS_ASSERTIONS = NO;
				ENABLE_STRICT_OBJC_MSGSEND = YES;
				GCC_C_LANGUAGE_STANDARD = gnu99;
				GCC_NO_COMMON_BLOCKS = YES;
				GCC_WARN_64_TO_32_BIT_CONVERSION = YES;
				GCC_WARN_ABOUT_RETURN_TYPE = YES_ERROR;
				GCC_WARN_UNDECLARED_SELECTOR = YES;
				GCC_WARN_UNINITIALIZED_AUTOS = YES_AGGRESSIVE;
				GCC_WARN_UNUSED_FUNCTION = YES;
				GCC_WARN_UNUSED_VARIABLE = YES;
				IPHONEOS_DEPLOYMENT_TARGET = 9.2;
				MTL_ENABLE_DEBUG_INFO = NO;
				SDKROOT = iphoneos;
				VALIDATE_PRODUCT = YES;
			};
			name = Release;
		};
		E87089321C4C2A6C0051D868 /* Debug */ = {
			isa = XCBuildConfiguration;
			buildSettings = {
				ASSETCATALOG_COMPILER_APPICON_NAME = AppIcon;
				INFOPLIST_FILE = "City-Dashboard/Info.plist";
				LD_RUNPATH_SEARCH_PATHS = "$(inherited) @executable_path/Frameworks";
				PRODUCT_BUNDLE_IDENTIFIER = "solutions.abstract.City-Dashboard";
				PRODUCT_NAME = "$(TARGET_NAME)";
			};
			name = Debug;
		};
		E87089331C4C2A6C0051D868 /* Release */ = {
			isa = XCBuildConfiguration;
			buildSettings = {
				ASSETCATALOG_COMPILER_APPICON_NAME = AppIcon;
				INFOPLIST_FILE = "City-Dashboard/Info.plist";
				LD_RUNPATH_SEARCH_PATHS = "$(inherited) @executable_path/Frameworks";
				PRODUCT_BUNDLE_IDENTIFIER = "solutions.abstract.City-Dashboard";
				PRODUCT_NAME = "$(TARGET_NAME)";
			};
			name = Release;
		};
/* End XCBuildConfiguration section */

/* Begin XCConfigurationList section */
		E870891A1C4C2A6C0051D868 /* Build configuration list for PBXProject "City-Dashboard" */ = {
			isa = XCConfigurationList;
			buildConfigurations = (
				E870892F1C4C2A6C0051D868 /* Debug */,
				E87089301C4C2A6C0051D868 /* Release */,
			);
			defaultConfigurationIsVisible = 0;
			defaultConfigurationName = Release;
		};
		E87089311C4C2A6C0051D868 /* Build configuration list for PBXNativeTarget "City-Dashboard" */ = {
			isa = XCConfigurationList;
			buildConfigurations = (
				E87089321C4C2A6C0051D868 /* Debug */,
				E87089331C4C2A6C0051D868 /* Release */,
			);
			defaultConfigurationIsVisible = 0;
			defaultConfigurationName = Release;
		};
/* End XCConfigurationList section */
	};
	rootObject = E87089171C4C2A6C0051D868 /* Project object */;
}
